// !$*UTF8*$!
{
	archiveVersion = 1;
	classes = {
	};
	objectVersion = 56;
	objects = {

/* Begin PBXBuildFile section */
		D61865C12CD3BB4700720E63 /* AnimationTestsApp.swift in Sources */ = {isa = PBXBuildFile; fileRef = D61865C02CD3BB4700720E63 /* AnimationTestsApp.swift */; };
		D61865C52CD3BB4800720E63 /* Assets.xcassets in Resources */ = {isa = PBXBuildFile; fileRef = D61865C42CD3BB4800720E63 /* Assets.xcassets */; };
		D61865C82CD3BB4800720E63 /* Preview Assets.xcassets in Resources */ = {isa = PBXBuildFile; fileRef = D61865C72CD3BB4800720E63 /* Preview Assets.xcassets */; };
		D61865D32CD3BB7F00720E63 /* MatchedGeometryTests.swift in Sources */ = {isa = PBXBuildFile; fileRef = D61865CE2CD3BB7E00720E63 /* MatchedGeometryTests.swift */; };
		D61865D42CD3BB7F00720E63 /* Offset+Rotation.swift in Sources */ = {isa = PBXBuildFile; fileRef = D61865CF2CD3BB7E00720E63 /* Offset+Rotation.swift */; };
		D61865D52CD3BB7F00720E63 /* AircraftPathView.swift in Sources */ = {isa = PBXBuildFile; fileRef = D61865D02CD3BB7E00720E63 /* AircraftPathView.swift */; };
		D61865D62CD3BB7F00720E63 /* ShapeTests.swift in Sources */ = {isa = PBXBuildFile; fileRef = D61865D12CD3BB7E00720E63 /* ShapeTests.swift */; };
		D61865D72CD3BB7F00720E63 /* TransitionsTests.swift in Sources */ = {isa = PBXBuildFile; fileRef = D61865D22CD3BB7E00720E63 /* TransitionsTests.swift */; };
		D68989312D37C1820018754D /* RandomSwiftUIView.swift in Sources */ = {isa = PBXBuildFile; fileRef = D68989302D37C1820018754D /* RandomSwiftUIView.swift */; };
		D6F384252D074FD400213591 /* MilestonesTests.swift in Sources */ = {isa = PBXBuildFile; fileRef = D6F384242D074FCE00213591 /* MilestonesTests.swift */; };
		D6FF1B322D1F2274009098D4 /* MilestonePath.swift in Sources */ = {isa = PBXBuildFile; fileRef = D6FF1B312D1F2271009098D4 /* MilestonePath.swift */; };
		D6FF1B372D240792009098D4 /* ScrollViewTrackingOffset.swift in Sources */ = {isa = PBXBuildFile; fileRef = D6FF1B362D240790009098D4 /* ScrollViewTrackingOffset.swift */; };
/* End PBXBuildFile section */

/* Begin PBXFileReference section */
		D61865BD2CD3BB4700720E63 /* AnimationTests.app */ = {isa = PBXFileReference; explicitFileType = wrapper.application; includeInIndex = 0; path = AnimationTests.app; sourceTree = BUILT_PRODUCTS_DIR; };
		D61865C02CD3BB4700720E63 /* AnimationTestsApp.swift */ = {isa = PBXFileReference; lastKnownFileType = sourcecode.swift; path = AnimationTestsApp.swift; sourceTree = "<group>"; };
		D61865C42CD3BB4800720E63 /* Assets.xcassets */ = {isa = PBXFileReference; lastKnownFileType = folder.assetcatalog; path = Assets.xcassets; sourceTree = "<group>"; };
		D61865C72CD3BB4800720E63 /* Preview Assets.xcassets */ = {isa = PBXFileReference; lastKnownFileType = folder.assetcatalog; path = "Preview Assets.xcassets"; sourceTree = "<group>"; };
		D61865CE2CD3BB7E00720E63 /* MatchedGeometryTests.swift */ = {isa = PBXFileReference; fileEncoding = 4; lastKnownFileType = sourcecode.swift; path = MatchedGeometryTests.swift; sourceTree = "<group>"; };
		D61865CF2CD3BB7E00720E63 /* Offset+Rotation.swift */ = {isa = PBXFileReference; fileEncoding = 4; lastKnownFileType = sourcecode.swift; path = "Offset+Rotation.swift"; sourceTree = "<group>"; };
		D61865D02CD3BB7E00720E63 /* AircraftPathView.swift */ = {isa = PBXFileReference; fileEncoding = 4; lastKnownFileType = sourcecode.swift; path = AircraftPathView.swift; sourceTree = "<group>"; };
		D61865D12CD3BB7E00720E63 /* ShapeTests.swift */ = {isa = PBXFileReference; fileEncoding = 4; lastKnownFileType = sourcecode.swift; path = ShapeTests.swift; sourceTree = "<group>"; };
		D61865D22CD3BB7E00720E63 /* TransitionsTests.swift */ = {isa = PBXFileReference; fileEncoding = 4; lastKnownFileType = sourcecode.swift; path = TransitionsTests.swift; sourceTree = "<group>"; };
		D68989302D37C1820018754D /* RandomSwiftUIView.swift */ = {isa = PBXFileReference; lastKnownFileType = sourcecode.swift; path = RandomSwiftUIView.swift; sourceTree = "<group>"; };
		D6F384242D074FCE00213591 /* MilestonesTests.swift */ = {isa = PBXFileReference; lastKnownFileType = sourcecode.swift; path = MilestonesTests.swift; sourceTree = "<group>"; };
		D6FF1B312D1F2271009098D4 /* MilestonePath.swift */ = {isa = PBXFileReference; lastKnownFileType = sourcecode.swift; path = MilestonePath.swift; sourceTree = "<group>"; };
		D6FF1B362D240790009098D4 /* ScrollViewTrackingOffset.swift */ = {isa = PBXFileReference; lastKnownFileType = sourcecode.swift; path = ScrollViewTrackingOffset.swift; sourceTree = "<group>"; };
/* End PBXFileReference section */

/* Begin PBXFrameworksBuildPhase section */
		D61865BA2CD3BB4700720E63 /* Frameworks */ = {
			isa = PBXFrameworksBuildPhase;
			buildActionMask = 2147483647;
			files = (
			);
			runOnlyForDeploymentPostprocessing = 0;
		};
/* End PBXFrameworksBuildPhase section */

/* Begin PBXGroup section */
		D61865B42CD3BB4700720E63 = {
			isa = PBXGroup;
			children = (
				D61865BF2CD3BB4700720E63 /* AnimationTests */,
				D61865BE2CD3BB4700720E63 /* Products */,
			);
			sourceTree = "<group>";
		};
		D61865BE2CD3BB4700720E63 /* Products */ = {
			isa = PBXGroup;
			children = (
				D61865BD2CD3BB4700720E63 /* AnimationTests.app */,
			);
			name = Products;
			sourceTree = "<group>";
		};
		D61865BF2CD3BB4700720E63 /* AnimationTests */ = {
			isa = PBXGroup;
			children = (
				D6FF1B362D240790009098D4 /* ScrollViewTrackingOffset.swift */,
				D6FF1B352D203B82009098D4 /* MilestoneTests */,
				D61865D02CD3BB7E00720E63 /* AircraftPathView.swift */,
				D61865D22CD3BB7E00720E63 /* TransitionsTests.swift */,
				D61865CE2CD3BB7E00720E63 /* MatchedGeometryTests.swift */,
				D61865CF2CD3BB7E00720E63 /* Offset+Rotation.swift */,
				D61865D12CD3BB7E00720E63 /* ShapeTests.swift */,
				D61865C02CD3BB4700720E63 /* AnimationTestsApp.swift */,
				D61865C42CD3BB4800720E63 /* Assets.xcassets */,
				D61865C62CD3BB4800720E63 /* Preview Content */,
				D68989302D37C1820018754D /* RandomSwiftUIView.swift */,
			);
			path = AnimationTests;
			sourceTree = "<group>";
		};
		D61865C62CD3BB4800720E63 /* Preview Content */ = {
			isa = PBXGroup;
			children = (
				D61865C72CD3BB4800720E63 /* Preview Assets.xcassets */,
			);
			path = "Preview Content";
			sourceTree = "<group>";
		};
		D6FF1B352D203B82009098D4 /* MilestoneTests */ = {
			isa = PBXGroup;
			children = (
				D6FF1B312D1F2271009098D4 /* MilestonePath.swift */,
				D6F384242D074FCE00213591 /* MilestonesTests.swift */,
			);
			path = MilestoneTests;
			sourceTree = "<group>";
		};
/* End PBXGroup section */

/* Begin PBXNativeTarget section */
		D61865BC2CD3BB4700720E63 /* AnimationTests */ = {
			isa = PBXNativeTarget;
			buildConfigurationList = D61865CB2CD3BB4800720E63 /* Build configuration list for PBXNativeTarget "AnimationTests" */;
			buildPhases = (
				D61865B92CD3BB4700720E63 /* Sources */,
				D61865BA2CD3BB4700720E63 /* Frameworks */,
				D61865BB2CD3BB4700720E63 /* Resources */,
			);
			buildRules = (
			);
			dependencies = (
			);
			name = AnimationTests;
			productName = AnimationTests;
			productReference = D61865BD2CD3BB4700720E63 /* AnimationTests.app */;
			productType = "com.apple.product-type.application";
		};
/* End PBXNativeTarget section */

/* Begin PBXProject section */
		D61865B52CD3BB4700720E63 /* Project object */ = {
			isa = PBXProject;
			attributes = {
				BuildIndependentTargetsInParallel = 1;
				LastSwiftUpdateCheck = 1530;
				LastUpgradeCheck = 1530;
				TargetAttributes = {
					D61865BC2CD3BB4700720E63 = {
						CreatedOnToolsVersion = 15.3;
					};
				};
			};
			buildConfigurationList = D61865B82CD3BB4700720E63 /* Build configuration list for PBXProject "AnimationTests" */;
			compatibilityVersion = "Xcode 14.0";
			developmentRegion = en;
			hasScannedForEncodings = 0;
			knownRegions = (
				en,
				Base,
			);
			mainGroup = D61865B42CD3BB4700720E63;
			productRefGroup = D61865BE2CD3BB4700720E63 /* Products */;
			projectDirPath = "";
			projectRoot = "";
			targets = (
				D61865BC2CD3BB4700720E63 /* AnimationTests */,
			);
		};
/* End PBXProject section */

/* Begin PBXResourcesBuildPhase section */
		D61865BB2CD3BB4700720E63 /* Resources */ = {
			isa = PBXResourcesBuildPhase;
			buildActionMask = 2147483647;
			files = (
				D61865C82CD3BB4800720E63 /* Preview Assets.xcassets in Resources */,
				D61865C52CD3BB4800720E63 /* Assets.xcassets in Resources */,
			);
			runOnlyForDeploymentPostprocessing = 0;
		};
/* End PBXResourcesBuildPhase section */

/* Begin PBXSourcesBuildPhase section */
		D61865B92CD3BB4700720E63 /* Sources */ = {
			isa = PBXSourcesBuildPhase;
			buildActionMask = 2147483647;
			files = (
				D61865C12CD3BB4700720E63 /* AnimationTestsApp.swift in Sources */,
				D61865D72CD3BB7F00720E63 /* TransitionsTests.swift in Sources */,
				D6F384252D074FD400213591 /* MilestonesTests.swift in Sources */,
				D6FF1B322D1F2274009098D4 /* MilestonePath.swift in Sources */,
				D61865D42CD3BB7F00720E63 /* Offset+Rotation.swift in Sources */,
				D68989312D37C1820018754D /* RandomSwiftUIView.swift in Sources */,
				D61865D62CD3BB7F00720E63 /* ShapeTests.swift in Sources */,
				D61865D52CD3BB7F00720E63 /* AircraftPathView.swift in Sources */,
				D61865D32CD3BB7F00720E63 /* MatchedGeometryTests.swift in Sources */,
				D6FF1B372D240792009098D4 /* ScrollViewTrackingOffset.swift in Sources */,
			);
			runOnlyForDeploymentPostprocessing = 0;
		};
/* End PBXSourcesBuildPhase section */

/* Begin XCBuildConfiguration section */
		D61865C92CD3BB4800720E63 /* Debug */ = {
			isa = XCBuildConfiguration;
			buildSettings = {
				ALWAYS_SEARCH_USER_PATHS = NO;
				ASSETCATALOG_COMPILER_GENERATE_SWIFT_ASSET_SYMBOL_EXTENSIONS = YES;
				CLANG_ANALYZER_NONNULL = YES;
				CLANG_ANALYZER_NUMBER_OBJECT_CONVERSION = YES_AGGRESSIVE;
				CLANG_CXX_LANGUAGE_STANDARD = "gnu++20";
				CLANG_ENABLE_MODULES = YES;
				CLANG_ENABLE_OBJC_ARC = YES;
				CLANG_ENABLE_OBJC_WEAK = YES;
				CLANG_WARN_BLOCK_CAPTURE_AUTORELEASING = YES;
				CLANG_WARN_BOOL_CONVERSION = YES;
				CLANG_WARN_COMMA = YES;
				CLANG_WARN_CONSTANT_CONVERSION = YES;
				CLANG_WARN_DEPRECATED_OBJC_IMPLEMENTATIONS = YES;
				CLANG_WARN_DIRECT_OBJC_ISA_USAGE = YES_ERROR;
				CLANG_WARN_DOCUMENTATION_COMMENTS = YES;
				CLANG_WARN_EMPTY_BODY = YES;
				CLANG_WARN_ENUM_CONVERSION = YES;
				CLANG_WARN_INFINITE_RECURSION = YES;
				CLANG_WARN_INT_CONVERSION = YES;
				CLANG_WARN_NON_LITERAL_NULL_CONVERSION = YES;
				CLANG_WARN_OBJC_IMPLICIT_RETAIN_SELF = YES;
				CLANG_WARN_OBJC_LITERAL_CONVERSION = YES;
				CLANG_WARN_OBJC_ROOT_CLASS = YES_ERROR;
				CLANG_WARN_QUOTED_INCLUDE_IN_FRAMEWORK_HEADER = YES;
				CLANG_WARN_RANGE_LOOP_ANALYSIS = YES;
				CLANG_WARN_STRICT_PROTOTYPES = YES;
				CLANG_WARN_SUSPICIOUS_MOVE = YES;
				CLANG_WARN_UNGUARDED_AVAILABILITY = YES_AGGRESSIVE;
				CLANG_WARN_UNREACHABLE_CODE = YES;
				CLANG_WARN__DUPLICATE_METHOD_MATCH = YES;
				COPY_PHASE_STRIP = NO;
				DEBUG_INFORMATION_FORMAT = dwarf;
				ENABLE_STRICT_OBJC_MSGSEND = YES;
				ENABLE_TESTABILITY = YES;
				ENABLE_USER_SCRIPT_SANDBOXING = YES;
				GCC_C_LANGUAGE_STANDARD = gnu17;
				GCC_DYNAMIC_NO_PIC = NO;
				GCC_NO_COMMON_BLOCKS = YES;
				GCC_OPTIMIZATION_LEVEL = 0;
				GCC_PREPROCESSOR_DEFINITIONS = (
					"DEBUG=1",
					"$(inherited)",
				);
				GCC_WARN_64_TO_32_BIT_CONVERSION = YES;
				GCC_WARN_ABOUT_RETURN_TYPE = YES_ERROR;
				GCC_WARN_UNDECLARED_SELECTOR = YES;
				GCC_WARN_UNINITIALIZED_AUTOS = YES_AGGRESSIVE;
				GCC_WARN_UNUSED_FUNCTION = YES;
				GCC_WARN_UNUSED_VARIABLE = YES;
				IPHONEOS_DEPLOYMENT_TARGET = 17.4;
				LOCALIZATION_PREFERS_STRING_CATALOGS = YES;
				MTL_ENABLE_DEBUG_INFO = INCLUDE_SOURCE;
				MTL_FAST_MATH = YES;
				ONLY_ACTIVE_ARCH = YES;
				SDKROOT = iphoneos;
				SWIFT_ACTIVE_COMPILATION_CONDITIONS = "DEBUG $(inherited)";
				SWIFT_OPTIMIZATION_LEVEL = "-Onone";
			};
			name = Debug;
		};
		D61865CA2CD3BB4800720E63 /* Release */ = {
			isa = XCBuildConfiguration;
			buildSettings = {
				ALWAYS_SEARCH_USER_PATHS = NO;
				ASSETCATALOG_COMPILER_GENERATE_SWIFT_ASSET_SYMBOL_EXTENSIONS = YES;
				CLANG_ANALYZER_NONNULL = YES;
				CLANG_ANALYZER_NUMBER_OBJECT_CONVERSION = YES_AGGRESSIVE;
				CLANG_CXX_LANGUAGE_STANDARD = "gnu++20";
				CLANG_ENABLE_MODULES = YES;
				CLANG_ENABLE_OBJC_ARC = YES;
				CLANG_ENABLE_OBJC_WEAK = YES;
				CLANG_WARN_BLOCK_CAPTURE_AUTORELEASING = YES;
				CLANG_WARN_BOOL_CONVERSION = YES;
				CLANG_WARN_COMMA = YES;
				CLANG_WARN_CONSTANT_CONVERSION = YES;
				CLANG_WARN_DEPRECATED_OBJC_IMPLEMENTATIONS = YES;
				CLANG_WARN_DIRECT_OBJC_ISA_USAGE = YES_ERROR;
				CLANG_WARN_DOCUMENTATION_COMMENTS = YES;
				CLANG_WARN_EMPTY_BODY = YES;
				CLANG_WARN_ENUM_CONVERSION = YES;
				CLANG_WARN_INFINITE_RECURSION = YES;
				CLANG_WARN_INT_CONVERSION = YES;
				CLANG_WARN_NON_LITERAL_NULL_CONVERSION = YES;
				CLANG_WARN_OBJC_IMPLICIT_RETAIN_SELF = YES;
				CLANG_WARN_OBJC_LITERAL_CONVERSION = YES;
				CLANG_WARN_OBJC_ROOT_CLASS = YES_ERROR;
				CLANG_WARN_QUOTED_INCLUDE_IN_FRAMEWORK_HEADER = YES;
				CLANG_WARN_RANGE_LOOP_ANALYSIS = YES;
				CLANG_WARN_STRICT_PROTOTYPES = YES;
				CLANG_WARN_SUSPICIOUS_MOVE = YES;
				CLANG_WARN_UNGUARDED_AVAILABILITY = YES_AGGRESSIVE;
				CLANG_WARN_UNREACHABLE_CODE = YES;
				CLANG_WARN__DUPLICATE_METHOD_MATCH = YES;
				COPY_PHASE_STRIP = NO;
				DEBUG_INFORMATION_FORMAT = "dwarf-with-dsym";
				ENABLE_NS_ASSERTIONS = NO;
				ENABLE_STRICT_OBJC_MSGSEND = YES;
				ENABLE_USER_SCRIPT_SANDBOXING = YES;
				GCC_C_LANGUAGE_STANDARD = gnu17;
				GCC_NO_COMMON_BLOCKS = YES;
				GCC_WARN_64_TO_32_BIT_CONVERSION = YES;
				GCC_WARN_ABOUT_RETURN_TYPE = YES_ERROR;
				GCC_WARN_UNDECLARED_SELECTOR = YES;
				GCC_WARN_UNINITIALIZED_AUTOS = YES_AGGRESSIVE;
				GCC_WARN_UNUSED_FUNCTION = YES;
				GCC_WARN_UNUSED_VARIABLE = YES;
				IPHONEOS_DEPLOYMENT_TARGET = 17.4;
				LOCALIZATION_PREFERS_STRING_CATALOGS = YES;
				MTL_ENABLE_DEBUG_INFO = NO;
				MTL_FAST_MATH = YES;
				SDKROOT = iphoneos;
				SWIFT_COMPILATION_MODE = wholemodule;
				VALIDATE_PRODUCT = YES;
			};
			name = Release;
		};
		D61865CC2CD3BB4800720E63 /* Debug */ = {
			isa = XCBuildConfiguration;
			buildSettings = {
				ASSETCATALOG_COMPILER_APPICON_NAME = AppIcon;
				ASSETCATALOG_COMPILER_GLOBAL_ACCENT_COLOR_NAME = AccentColor;
				CODE_SIGN_STYLE = Automatic;
				CURRENT_PROJECT_VERSION = 1;
				DEVELOPMENT_ASSET_PATHS = "\"AnimationTests/Preview Content\"";
				ENABLE_PREVIEWS = YES;
				GENERATE_INFOPLIST_FILE = YES;
				INFOPLIST_KEY_UIApplicationSceneManifest_Generation = YES;
				INFOPLIST_KEY_UIApplicationSupportsIndirectInputEvents = YES;
				INFOPLIST_KEY_UILaunchScreen_Generation = YES;
				INFOPLIST_KEY_UISupportedInterfaceOrientations_iPad = "UIInterfaceOrientationPortrait UIInterfaceOrientationPortraitUpsideDown UIInterfaceOrientationLandscapeLeft UIInterfaceOrientationLandscapeRight";
				INFOPLIST_KEY_UISupportedInterfaceOrientations_iPhone = "UIInterfaceOrientationPortrait UIInterfaceOrientationLandscapeLeft UIInterfaceOrientationLandscapeRight";
				IPHONEOS_DEPLOYMENT_TARGET = 15.6;
				LD_RUNPATH_SEARCH_PATHS = (
					"$(inherited)",
					"@executable_path/Frameworks",
				);
				MARKETING_VERSION = 1.0;
				PRODUCT_BUNDLE_IDENTIFIER = acpr.AnimationTests;
				PRODUCT_NAME = "$(TARGET_NAME)";
				SWIFT_EMIT_LOC_STRINGS = YES;
				SWIFT_VERSION = 5.0;
				TARGETED_DEVICE_FAMILY = "1,2";
			};
			name = Debug;
		};
		D61865CD2CD3BB4800720E63 /* Release */ = {
			isa = XCBuildConfiguration;
			buildSettings = {
				ASSETCATALOG_COMPILER_APPICON_NAME = AppIcon;
				ASSETCATALOG_COMPILER_GLOBAL_ACCENT_COLOR_NAME = AccentColor;
				CODE_SIGN_STYLE = Automatic;
				CURRENT_PROJECT_VERSION = 1;
				DEVELOPMENT_ASSET_PATHS = "\"AnimationTests/Preview Content\"";
				ENABLE_PREVIEWS = YES;
				GENERATE_INFOPLIST_FILE = YES;
				INFOPLIST_KEY_UIApplicationSceneManifest_Generation = YES;
				INFOPLIST_KEY_UIApplicationSupportsIndirectInputEvents = YES;
				INFOPLIST_KEY_UILaunchScreen_Generation = YES;
				INFOPLIST_KEY_UISupportedInterfaceOrientations_iPad = "UIInterfaceOrientationPortrait UIInterfaceOrientationPortraitUpsideDown UIInterfaceOrientationLandscapeLeft UIInterfaceOrientationLandscapeRight";
				INFOPLIST_KEY_UISupportedInterfaceOrientations_iPhone = "UIInterfaceOrientationPortrait UIInterfaceOrientationLandscapeLeft UIInterfaceOrientationLandscapeRight";
				IPHONEOS_DEPLOYMENT_TARGET = 15.6;
				LD_RUNPATH_SEARCH_PATHS = (
					"$(inherited)",
					"@executable_path/Frameworks",
				);
				MARKETING_VERSION = 1.0;
				PRODUCT_BUNDLE_IDENTIFIER = acpr.AnimationTests;
				PRODUCT_NAME = "$(TARGET_NAME)";
				SWIFT_EMIT_LOC_STRINGS = YES;
				SWIFT_VERSION = 5.0;
				TARGETED_DEVICE_FAMILY = "1,2";
			};
			name = Release;
		};
/* End XCBuildConfiguration section */

/* Begin XCConfigurationList section */
		D61865B82CD3BB4700720E63 /* Build configuration list for PBXProject "AnimationTests" */ = {
			isa = XCConfigurationList;
			buildConfigurations = (
				D61865C92CD3BB4800720E63 /* Debug */,
				D61865CA2CD3BB4800720E63 /* Release */,
			);
			defaultConfigurationIsVisible = 0;
			defaultConfigurationName = Release;
		};
		D61865CB2CD3BB4800720E63 /* Build configuration list for PBXNativeTarget "AnimationTests" */ = {
			isa = XCConfigurationList;
			buildConfigurations = (
				D61865CC2CD3BB4800720E63 /* Debug */,
				D61865CD2CD3BB4800720E63 /* Release */,
			);
			defaultConfigurationIsVisible = 0;
			defaultConfigurationName = Release;
		};
/* End XCConfigurationList section */
	};
	rootObject = D61865B52CD3BB4700720E63 /* Project object */;
}
